// !$*UTF8*$!
{
	archiveVersion = 1;
	classes = {
	};
	objectVersion = 50;
	objects = {

/* Begin PBXBuildFile section */
		7E93989820F2337700F9E6D3 /* AppDelegate.swift in Sources */ = {isa = PBXBuildFile; fileRef = 7E93989720F2337700F9E6D3 /* AppDelegate.swift */; };
		7E93989A20F2337700F9E6D3 /* ViewController.swift in Sources */ = {isa = PBXBuildFile; fileRef = 7E93989920F2337700F9E6D3 /* ViewController.swift */; };
		7E93989D20F2337700F9E6D3 /* Main.storyboard in Resources */ = {isa = PBXBuildFile; fileRef = 7E93989B20F2337700F9E6D3 /* Main.storyboard */; };
		7E93989F20F2337E00F9E6D3 /* Assets.xcassets in Resources */ = {isa = PBXBuildFile; fileRef = 7E93989E20F2337E00F9E6D3 /* Assets.xcassets */; };
		7E9398A220F2337E00F9E6D3 /* LaunchScreen.storyboard in Resources */ = {isa = PBXBuildFile; fileRef = 7E9398A020F2337E00F9E6D3 /* LaunchScreen.storyboard */; };
		7E9398AA20F2588300F9E6D3 /* FlipCardGame.swift in Sources */ = {isa = PBXBuildFile; fileRef = 7E9398A920F2588300F9E6D3 /* FlipCardGame.swift */; };
		7E9398AC20F2591500F9E6D3 /* Card.swift in Sources */ = {isa = PBXBuildFile; fileRef = 7E9398AB20F2591500F9E6D3 /* Card.swift */; };
/* End PBXBuildFile section */

/* Begin PBXFileReference section */
		7E93989420F2337700F9E6D3 /* Flip Card Game.app */ = {isa = PBXFileReference; explicitFileType = wrapper.application; includeInIndex = 0; path = "Flip Card Game.app"; sourceTree = BUILT_PRODUCTS_DIR; };
		7E93989720F2337700F9E6D3 /* AppDelegate.swift */ = {isa = PBXFileReference; lastKnownFileType = sourcecode.swift; path = AppDelegate.swift; sourceTree = "<group>"; };
		7E93989920F2337700F9E6D3 /* ViewController.swift */ = {isa = PBXFileReference; lastKnownFileType = sourcecode.swift; path = ViewController.swift; sourceTree = "<group>"; };
		7E93989C20F2337700F9E6D3 /* Base */ = {isa = PBXFileReference; lastKnownFileType = file.storyboard; name = Base; path = Base.lproj/Main.storyboard; sourceTree = "<group>"; };
		7E93989E20F2337E00F9E6D3 /* Assets.xcassets */ = {isa = PBXFileReference; lastKnownFileType = folder.assetcatalog; path = Assets.xcassets; sourceTree = "<group>"; };
		7E9398A120F2337E00F9E6D3 /* Base */ = {isa = PBXFileReference; lastKnownFileType = file.storyboard; name = Base; path = Base.lproj/LaunchScreen.storyboard; sourceTree = "<group>"; };
		7E9398A320F2337E00F9E6D3 /* Info.plist */ = {isa = PBXFileReference; lastKnownFileType = text.plist.xml; path = Info.plist; sourceTree = "<group>"; };
		7E9398A920F2588300F9E6D3 /* FlipCardGame.swift */ = {isa = PBXFileReference; lastKnownFileType = sourcecode.swift; path = FlipCardGame.swift; sourceTree = "<group>"; };
		7E9398AB20F2591500F9E6D3 /* Card.swift */ = {isa = PBXFileReference; lastKnownFileType = sourcecode.swift; path = Card.swift; sourceTree = "<group>"; };
/* End PBXFileReference section */

/* Begin PBXFrameworksBuildPhase section */
		7E93989120F2337700F9E6D3 /* Frameworks */ = {
			isa = PBXFrameworksBuildPhase;
			buildActionMask = 2147483647;
			files = (
			);
			runOnlyForDeploymentPostprocessing = 0;
		};
/* End PBXFrameworksBuildPhase section */

/* Begin PBXGroup section */
		7E93988B20F2337700F9E6D3 = {
			isa = PBXGroup;
			children = (
				7E93989620F2337700F9E6D3 /* Flip Card Game */,
				7E93989520F2337700F9E6D3 /* Products */,
			);
			sourceTree = "<group>";
		};
		7E93989520F2337700F9E6D3 /* Products */ = {
			isa = PBXGroup;
			children = (
				7E93989420F2337700F9E6D3 /* Flip Card Game.app */,
			);
			name = Products;
			sourceTree = "<group>";
		};
		7E93989620F2337700F9E6D3 /* Flip Card Game */ = {
			isa = PBXGroup;
			children = (
				7E9398A920F2588300F9E6D3 /* FlipCardGame.swift */,
				7E9398AB20F2591500F9E6D3 /* Card.swift */,
				7E93989720F2337700F9E6D3 /* AppDelegate.swift */,
				7E93989920F2337700F9E6D3 /* ViewController.swift */,
				7E93989B20F2337700F9E6D3 /* Main.storyboard */,
				7E93989E20F2337E00F9E6D3 /* Assets.xcassets */,
				7E9398A020F2337E00F9E6D3 /* LaunchScreen.storyboard */,
				7E9398A320F2337E00F9E6D3 /* Info.plist */,
			);
			path = "Flip Card Game";
			sourceTree = "<group>";
		};
/* End PBXGroup section */

/* Begin PBXNativeTarget section */
		7E93989320F2337700F9E6D3 /* Flip Card Game */ = {
			isa = PBXNativeTarget;
			buildConfigurationList = 7E9398A620F2337E00F9E6D3 /* Build configuration list for PBXNativeTarget "Flip Card Game" */;
			buildPhases = (
				7E93989020F2337700F9E6D3 /* Sources */,
				7E93989120F2337700F9E6D3 /* Frameworks */,
				7E93989220F2337700F9E6D3 /* Resources */,
			);
			buildRules = (
			);
			dependencies = (
			);
			name = "Flip Card Game";
			productName = "Flip Card Game";
			productReference = 7E93989420F2337700F9E6D3 /* Flip Card Game.app */;
			productType = "com.apple.product-type.application";
		};
/* End PBXNativeTarget section */

/* Begin PBXProject section */
		7E93988C20F2337700F9E6D3 /* Project object */ = {
			isa = PBXProject;
			attributes = {
				LastSwiftUpdateCheck = 0940;
				LastUpgradeCheck = 0940;
				ORGANIZATIONNAME = "Atacan Demiralp";
				TargetAttributes = {
					7E93989320F2337700F9E6D3 = {
						CreatedOnToolsVersion = 9.4.1;
					};
				};
			};
			buildConfigurationList = 7E93988F20F2337700F9E6D3 /* Build configuration list for PBXProject "Flip Card Game" */;
			compatibilityVersion = "Xcode 9.3";
			developmentRegion = en;
			hasScannedForEncodings = 0;
			knownRegions = (
				en,
				Base,
			);
			mainGroup = 7E93988B20F2337700F9E6D3;
			productRefGroup = 7E93989520F2337700F9E6D3 /* Products */;
			projectDirPath = "";
			projectRoot = "";
			targets = (
				7E93989320F2337700F9E6D3 /* Flip Card Game */,
			);
		};
/* End PBXProject section */

/* Begin PBXResourcesBuildPhase section */
		7E93989220F2337700F9E6D3 /* Resources */ = {
			isa = PBXResourcesBuildPhase;
			buildActionMask = 2147483647;
			files = (
				7E9398A220F2337E00F9E6D3 /* LaunchScreen.storyboard in Resources */,
				7E93989F20F2337E00F9E6D3 /* Assets.xcassets in Resources */,
				7E93989D20F2337700F9E6D3 /* Main.storyboard in Resources */,
			);
			runOnlyForDeploymentPostprocessing = 0;
		};
/* End PBXResourcesBuildPhase section */

/* Begin PBXSourcesBuildPhase section */
		7E93989020F2337700F9E6D3 /* Sources */ = {
			isa = PBXSourcesBuildPhase;
			buildActionMask = 2147483647;
			files = (
				7E9398AA20F2588300F9E6D3 /* FlipCardGame.swift in Sources */,
				7E93989A20F2337700F9E6D3 /* ViewController.swift in Sources */,
				7E93989820F2337700F9E6D3 /* AppDelegate.swift in Sources */,
				7E9398AC20F2591500F9E6D3 /* Card.swift in Sources */,
			);
			runOnlyForDeploymentPostprocessing = 0;
		};
/* End PBXSourcesBuildPhase section */

/* Begin PBXVariantGroup section */
		7E93989B20F2337700F9E6D3 /* Main.storyboard */ = {
			isa = PBXVariantGroup;
			children = (
				7E93989C20F2337700F9E6D3 /* Base */,
			);
			name = Main.storyboard;
			sourceTree = "<group>";
		};
		7E9398A020F2337E00F9E6D3 /* LaunchScreen.storyboard */ = {
			isa = PBXVariantGroup;
			children = (
				7E9398A120F2337E00F9E6D3 /* Base */,
			);
			name = LaunchScreen.storyboard;
			sourceTree = "<group>";
		};
/* End PBXVariantGroup section */

/* Begin XCBuildConfiguration section */
		7E9398A420F2337E00F9E6D3 /* Debug */ = {
			isa = XCBuildConfiguration;
			buildSettings = {
				ALWAYS_SEARCH_USER_PATHS = NO;
				CLANG_ANALYZER_NONNULL = YES;
				CLANG_ANALYZER_NUMBER_OBJECT_CONVERSION = YES_AGGRESSIVE;
				CLANG_CXX_LANGUAGE_STANDARD = "gnu++14";
				CLANG_CXX_LIBRARY = "libc++";
				CLANG_ENABLE_MODULES = YES;
				CLANG_ENABLE_OBJC_ARC = YES;
				CLANG_ENABLE_OBJC_WEAK = YES;
				CLANG_WARN_BLOCK_CAPTURE_AUTORELEASING = YES;
				CLANG_WARN_BOOL_CONVERSION = YES;
				CLANG_WARN_COMMA = YES;
				CLANG_WARN_CONSTANT_CONVERSION = YES;
				CLANG_WARN_DEPRECATED_OBJC_IMPLEMENTATIONS = YES;
				CLANG_WARN_DIRECT_OBJC_ISA_USAGE = YES_ERROR;
				CLANG_WARN_DOCUMENTATION_COMMENTS = YES;
				CLANG_WARN_EMPTY_BODY = YES;
				CLANG_WARN_ENUM_CONVERSION = YES;
				CLANG_WARN_INFINITE_RECURSION = YES;
				CLANG_WARN_INT_CONVERSION = YES;
				CLANG_WARN_NON_LITERAL_NULL_CONVERSION = YES;
				CLANG_WARN_OBJC_IMPLICIT_RETAIN_SELF = YES;
				CLANG_WARN_OBJC_LITERAL_CONVERSION = YES;
				CLANG_WARN_OBJC_ROOT_CLASS = YES_ERROR;
				CLANG_WARN_RANGE_LOOP_ANALYSIS = YES;
				CLANG_WARN_STRICT_PROTOTYPES = YES;
				CLANG_WARN_SUSPICIOUS_MOVE = YES;
				CLANG_WARN_UNGUARDED_AVAILABILITY = YES_AGGRESSIVE;
				CLANG_WARN_UNREACHABLE_CODE = YES;
				CLANG_WARN__DUPLICATE_METHOD_MATCH = YES;
				CODE_SIGN_IDENTITY = "iPhone Developer";
				COPY_PHASE_STRIP = NO;
				DEBUG_INFORMATION_FORMAT = dwarf;
				ENABLE_STRICT_OBJC_MSGSEND = YES;
				ENABLE_TESTABILITY = YES;
				GCC_C_LANGUAGE_STANDARD = gnu11;
				GCC_DYNAMIC_NO_PIC = NO;
				GCC_NO_COMMON_BLOCKS = YES;
				GCC_OPTIMIZATION_LEVEL = 0;
				GCC_PREPROCESSOR_DEFINITIONS = (
					"DEBUG=1",
					"$(inherited)",
				);
				GCC_WARN_64_TO_32_BIT_CONVERSION = YES;
				GCC_WARN_ABOUT_RETURN_TYPE = YES_ERROR;
				GCC_WARN_UNDECLARED_SELECTOR = YES;
				GCC_WARN_UNINITIALIZED_AUTOS = YES_AGGRESSIVE;
				GCC_WARN_UNUSED_FUNCTION = YES;
				GCC_WARN_UNUSED_VARIABLE = YES;
				IPHONEOS_DEPLOYMENT_TARGET = 11.4;
				MTL_ENABLE_DEBUG_INFO = YES;
				ONLY_ACTIVE_ARCH = YES;
				SDKROOT = iphoneos;
				SWIFT_ACTIVE_COMPILATION_CONDITIONS = DEBUG;
				SWIFT_OPTIMIZATION_LEVEL = "-Onone";
			};
			name = Debug;
		};
		7E9398A520F2337E00F9E6D3 /* Release */ = {
			isa = XCBuildConfiguration;
			buildSettings = {
				ALWAYS_SEARCH_USER_PATHS = NO;
				CLANG_ANALYZER_NONNULL = YES;
				CLANG_ANALYZER_NUMBER_OBJECT_CONVERSION = YES_AGGRESSIVE;
				CLANG_CXX_LANGUAGE_STANDARD = "gnu++14";
				CLANG_CXX_LIBRARY = "libc++";
				CLANG_ENABLE_MODULES = YES;
				CLANG_ENABLE_OBJC_ARC = YES;
				CLANG_ENABLE_OBJC_WEAK = YES;
				CLANG_WARN_BLOCK_CAPTURE_AUTORELEASING = YES;
				CLANG_WARN_BOOL_CONVERSION = YES;
				CLANG_WARN_COMMA = YES;
				CLANG_WARN_CONSTANT_CONVERSION = YES;
				CLANG_WARN_DEPRECATED_OBJC_IMPLEMENTATIONS = YES;
				CLANG_WARN_DIRECT_OBJC_ISA_USAGE = YES_ERROR;
				CLANG_WARN_DOCUMENTATION_COMMENTS = YES;
				CLANG_WARN_EMPTY_BODY = YES;
				CLANG_WARN_ENUM_CONVERSION = YES;
				CLANG_WARN_INFINITE_RECURSION = YES;
				CLANG_WARN_INT_CONVERSION = YES;
				CLANG_WARN_NON_LITERAL_NULL_CONVERSION = YES;
				CLANG_WARN_OBJC_IMPLICIT_RETAIN_SELF = YES;
				CLANG_WARN_OBJC_LITERAL_CONVERSION = YES;
				CLANG_WARN_OBJC_ROOT_CLASS = YES_ERROR;
				CLANG_WARN_RANGE_LOOP_ANALYSIS = YES;
				CLANG_WARN_STRICT_PROTOTYPES = YES;
				CLANG_WARN_SUSPICIOUS_MOVE = YES;
				CLANG_WARN_UNGUARDED_AVAILABILITY = YES_AGGRESSIVE;
				CLANG_WARN_UNREACHABLE_CODE = YES;
				CLANG_WARN__DUPLICATE_METHOD_MATCH = YES;
				CODE_SIGN_IDENTITY = "iPhone Developer";
				COPY_PHASE_STRIP = NO;
				DEBUG_INFORMATION_FORMAT = "dwarf-with-dsym";
				ENABLE_NS_ASSERTIONS = NO;
				ENABLE_STRICT_OBJC_MSGSEND = YES;
				GCC_C_LANGUAGE_STANDARD = gnu11;
				GCC_NO_COMMON_BLOCKS = YES;
				GCC_WARN_64_TO_32_BIT_CONVERSION = YES;
				GCC_WARN_ABOUT_RETURN_TYPE = YES_ERROR;
				GCC_WARN_UNDECLARED_SELECTOR = YES;
				GCC_WARN_UNINITIALIZED_AUTOS = YES_AGGRESSIVE;
				GCC_WARN_UNUSED_FUNCTION = YES;
				GCC_WARN_UNUSED_VARIABLE = YES;
				IPHONEOS_DEPLOYMENT_TARGET = 11.4;
				MTL_ENABLE_DEBUG_INFO = NO;
				SDKROOT = iphoneos;
				SWIFT_COMPILATION_MODE = wholemodule;
				SWIFT_OPTIMIZATION_LEVEL = "-O";
				VALIDATE_PRODUCT = YES;
			};
			name = Release;
		};
		7E9398A720F2337E00F9E6D3 /* Debug */ = {
			isa = XCBuildConfiguration;
			buildSettings = {
				ASSETCATALOG_COMPILER_APPICON_NAME = AppIcon;
				CODE_SIGN_STYLE = Automatic;
				DEVELOPMENT_TEAM = 578H7N77JV;
				INFOPLIST_FILE = "Flip Card Game/Info.plist";
				LD_RUNPATH_SEARCH_PATHS = (
					"$(inherited)",
					"@executable_path/Frameworks",
				);
				PRODUCT_BUNDLE_IDENTIFIER = "THEMATRIX.Flip-Card-Game";
				PRODUCT_NAME = "$(TARGET_NAME)";
				SWIFT_VERSION = 4.0;
				TARGETED_DEVICE_FAMILY = "1,2";
			};
			name = Debug;
		};
		7E9398A820F2337E00F9E6D3 /* Release */ = {
			isa = XCBuildConfiguration;
			buildSettings = {
				ASSETCATALOG_COMPILER_APPICON_NAME = AppIcon;
				CODE_SIGN_STYLE = Automatic;
				DEVELOPMENT_TEAM = 578H7N77JV;
				INFOPLIST_FILE = "Flip Card Game/Info.plist";
				LD_RUNPATH_SEARCH_PATHS = (
					"$(inherited)",
					"@executable_path/Frameworks",
				);
				PRODUCT_BUNDLE_IDENTIFIER = "THEMATRIX.Flip-Card-Game";
				PRODUCT_NAME = "$(TARGET_NAME)";
				SWIFT_VERSION = 4.0;
				TARGETED_DEVICE_FAMILY = "1,2";
			};
			name = Release;
		};
/* End XCBuildConfiguration section */

/* Begin XCConfigurationList section */
		7E93988F20F2337700F9E6D3 /* Build configuration list for PBXProject "Flip Card Game" */ = {
			isa = XCConfigurationList;
			buildConfigurations = (
				7E9398A420F2337E00F9E6D3 /* Debug */,
				7E9398A520F2337E00F9E6D3 /* Release */,
			);
			defaultConfigurationIsVisible = 0;
			defaultConfigurationName = Release;
		};
		7E9398A620F2337E00F9E6D3 /* Build configuration list for PBXNativeTarget "Flip Card Game" */ = {
			isa = XCConfigurationList;
			buildConfigurations = (
				7E9398A720F2337E00F9E6D3 /* Debug */,
				7E9398A820F2337E00F9E6D3 /* Release */,
			);
			defaultConfigurationIsVisible = 0;
			defaultConfigurationName = Release;
		};
/* End XCConfigurationList section */
	};
	rootObject = 7E93988C20F2337700F9E6D3 /* Project object */;
}
